
Microsoft Visual Studio Solution File, Format Version 12.00
# Visual Studio Version 16
VisualStudioVersion = 16.0.30711.63
MinimumVisualStudioVersion = 10.0.40219.1
Project("{2150E333-8FDC-42A3-9474-1A3956D46DE8}") = "src", "src", "{FA39DF88-CB93-402B-BAFD-F6819396495E}"
EndProject
Project("{9A19103F-16F7-4668-BE54-9A1E7A4F7556}") = "Web", "src\Web\Web.csproj", "{0D644A2B-0D10-429C-93E6-925BEEA96889}"
EndProject
Project("{9A19103F-16F7-4668-BE54-9A1E7A4F7556}") = "Domain", "src\Domain\Domain.csproj", "{74F48214-DA77-4565-8297-4BD6B4B52E63}"
EndProject
Project("{2150E333-8FDC-42A3-9474-1A3956D46DE8}") = "tests", "tests", "{275DE061-EE5C-407B-A4CB-830A3A96C19A}"
EndProject
Project("{FAE04EC0-301F-11D3-BF4B-00C04F79EFBC}") = "Domain.Tests", "tests\Domain.Tests\Domain.Tests.csproj", "{56F155A0-A545-46CE-AAA4-BACDF53BAFBB}"
EndProject
Global
	GlobalSection(SolutionConfigurationPlatforms) = preSolution
		Debug|Any CPU = Debug|Any CPU
		Release|Any CPU = Release|Any CPU
	EndGlobalSection
	GlobalSection(ProjectConfigurationPlatforms) = postSolution
		{0D644A2B-0D10-429C-93E6-925BEEA96889}.Debug|Any CPU.ActiveCfg = Debug|Any CPU
		{0D644A2B-0D10-429C-93E6-925BEEA96889}.Debug|Any CPU.Build.0 = Debug|Any CPU
		{0D644A2B-0D10-429C-93E6-925BEEA96889}.Release|Any CPU.ActiveCfg = Release|Any CPU
		{0D644A2B-0D10-429C-93E6-925BEEA96889}.Release|Any CPU.Build.0 = Release|Any CPU
		{74F48214-DA77-4565-8297-4BD6B4B52E63}.Debug|Any CPU.ActiveCfg = Debug|Any CPU
		{74F48214-DA77-4565-8297-4BD6B4B52E63}.Debug|Any CPU.Build.0 = Debug|Any CPU
		{74F48214-DA77-4565-8297-4BD6B4B52E63}.Release|Any CPU.ActiveCfg = Release|Any CPU
		{74F48214-DA77-4565-8297-4BD6B4B52E63}.Release|Any CPU.Build.0 = Release|Any CPU
		{56F155A0-A545-46CE-AAA4-BACDF53BAFBB}.Debug|Any CPU.ActiveCfg = Debug|Any CPU
		{56F155A0-A545-46CE-AAA4-BACDF53BAFBB}.Debug|Any CPU.Build.0 = Debug|Any CPU
		{56F155A0-A545-46CE-AAA4-BACDF53BAFBB}.Release|Any CPU.ActiveCfg = Release|Any CPU
		{56F155A0-A545-46CE-AAA4-BACDF53BAFBB}.Release|Any CPU.Build.0 = Release|Any CPU
	EndGlobalSection
	GlobalSection(SolutionProperties) = preSolution
		HideSolutionNode = FALSE
	EndGlobalSection
	GlobalSection(NestedProjects) = preSolution
		{0D644A2B-0D10-429C-93E6-925BEEA96889} = {FA39DF88-CB93-402B-BAFD-F6819396495E}
		{74F48214-DA77-4565-8297-4BD6B4B52E63} = {FA39DF88-CB93-402B-BAFD-F6819396495E}
		{56F155A0-A545-46CE-AAA4-BACDF53BAFBB} = {275DE061-EE5C-407B-A4CB-830A3A96C19A}
	EndGlobalSection
	GlobalSection(ExtensibilityGlobals) = postSolution
		SolutionGuid = {5F911E3F-B7EF-4350-A057-FFCE6B9F6409}
	EndGlobalSection
EndGlobal
